
Microsoft Visual Studio Solution File, Format Version 12.00
# Visual Studio 15
VisualStudioVersion = 15.0.27428.2037
MinimumVisualStudioVersion = 10.0.40219.1
Project("{FAE04EC0-301F-11D3-BF4B-00C04F79EFBC}") = "TestApp", "TestApp\TestApp.csproj", "{35EE8ACB-402D-4FE7-A4E1-44C617A6010C}"
EndProject
Global
	GlobalSection(SolutionConfigurationPlatforms) = preSolution
		Debug|Any CPU = Debug|Any CPU
		Release|Any CPU = Release|Any CPU
	EndGlobalSection
	GlobalSection(ProjectConfigurationPlatforms) = postSolution
		{35EE8ACB-402D-4FE7-A4E1-44C617A6010C}.Debug|Any CPU.ActiveCfg = Debug|Any CPU
		{35EE8ACB-402D-4FE7-A4E1-44C617A6010C}.Debug|Any CPU.Build.0 = Debug|Any CPU
		{35EE8ACB-402D-4FE7-A4E1-44C617A6010C}.Release|Any CPU.ActiveCfg = Release|Any CPU
		{35EE8ACB-402D-4FE7-A4E1-44C617A6010C}.Release|Any CPU.Build.0 = Release|Any CPU
	EndGlobalSection
	GlobalSection(SolutionProperties) = preSolution
		HideSolutionNode = FALSE
	EndGlobalSection
	GlobalSection(ExtensibilityGlobals) = postSolution
		SolutionGuid = {2794D27F-C577-484F-9AC1-2E2948421DD8}
	EndGlobalSection
EndGlobal
